
Microsoft Visual Studio Solution File, Format Version 12.00
# Visual Studio Version 17
VisualStudioVersion = 17.14.36518.9
MinimumVisualStudioVersion = 10.0.40219.1
Project("{FAE04EC0-301F-11D3-BF4B-00C04F79EFBC}") = "TourTravel", "TourTravel\TourTravel.csproj", "{6A51C0AD-610E-4792-9FC0-692DC04BB4D2}"
EndProject
Global
	GlobalSection(SolutionConfigurationPlatforms) = preSolution
		Debug|Any CPU = Debug|Any CPU
		Release|Any CPU = Release|Any CPU
	EndGlobalSection
	GlobalSection(ProjectConfigurationPlatforms) = postSolution
		{6A51C0AD-610E-4792-9FC0-692DC04BB4D2}.Debug|Any CPU.ActiveCfg = Debug|Any CPU
		{6A51C0AD-610E-4792-9FC0-692DC04BB4D2}.Debug|Any CPU.Build.0 = Debug|Any CPU
		{6A51C0AD-610E-4792-9FC0-692DC04BB4D2}.Release|Any CPU.ActiveCfg = Release|Any CPU
		{6A51C0AD-610E-4792-9FC0-692DC04BB4D2}.Release|Any CPU.Build.0 = Release|Any CPU
	EndGlobalSection
	GlobalSection(SolutionProperties) = preSolution
		HideSolutionNode = FALSE
	EndGlobalSection
	GlobalSection(ExtensibilityGlobals) = postSolution
		SolutionGuid = {972F4D46-994D-4678-B1B1-E23418F9E267}
	EndGlobalSection
EndGlobal
